{
  "requires": true,
  "lockfileVersion": 1,
  "dependencies": {
    "tablesort": {
      "version": "5.0.2",
      "resolved": "https://registry.npmjs.org/tablesort/-/tablesort-5.0.2.tgz",
      "integrity": "sha512-l0mDC2pDQJfXZbUogT+IYDHeYoqsW/Whqd2xMLAPltNrN0A8bVHtQXoU1sIc7/DofkgYnnINF5k7tlaG+QJJtw=="
    }
  }
}
